
Microsoft Visual Studio Solution File, Format Version 12.00
# Visual Studio Version 17
VisualStudioVersion = 17.2.32602.215
MinimumVisualStudioVersion = 10.0.40219.1
Project("{FAE04EC0-301F-11D3-BF4B-00C04F79EFBC}") = "CallCenter", "CallCenter\CallCenter.csproj", "{BAF0AF68-F3D3-4D43-9AC4-FEB791DD2C7D}"
EndProject
Global
	GlobalSection(SolutionConfigurationPlatforms) = preSolution
		Debug|Any CPU = Debug|Any CPU
		Release|Any CPU = Release|Any CPU
	EndGlobalSection
	GlobalSection(ProjectConfigurationPlatforms) = postSolution
		{BAF0AF68-F3D3-4D43-9AC4-FEB791DD2C7D}.Debug|Any CPU.ActiveCfg = Debug|Any CPU
		{BAF0AF68-F3D3-4D43-9AC4-FEB791DD2C7D}.Debug|Any CPU.Build.0 = Debug|Any CPU
		{BAF0AF68-F3D3-4D43-9AC4-FEB791DD2C7D}.Release|Any CPU.ActiveCfg = Release|Any CPU
		{BAF0AF68-F3D3-4D43-9AC4-FEB791DD2C7D}.Release|Any CPU.Build.0 = Release|Any CPU
	EndGlobalSection
	GlobalSection(SolutionProperties) = preSolution
		HideSolutionNode = FALSE
	EndGlobalSection
	GlobalSection(ExtensibilityGlobals) = postSolution
		SolutionGuid = {10621285-03D6-42AE-B1B3-B56828E5D4F1}
	EndGlobalSection
EndGlobal
